// !$*UTF8*$!
{
	archiveVersion = 1;
	classes = {
	};
	objectVersion = 46;
	objects = {

/* Begin PBXBuildFile section */
		501813371C6F38AB00492270 /* AppDelegate.swift in Sources */ = {isa = PBXBuildFile; fileRef = 501813361C6F38AB00492270 /* AppDelegate.swift */; };
		501813391C6F38AB00492270 /* ControlViewController.swift in Sources */ = {isa = PBXBuildFile; fileRef = 501813381C6F38AB00492270 /* ControlViewController.swift */; };
		5018133C1C6F38AB00492270 /* Main.storyboard in Resources */ = {isa = PBXBuildFile; fileRef = 5018133A1C6F38AB00492270 /* Main.storyboard */; };
		5018133E1C6F38AB00492270 /* Assets.xcassets in Resources */ = {isa = PBXBuildFile; fileRef = 5018133D1C6F38AB00492270 /* Assets.xcassets */; };
		501813411C6F38AB00492270 /* LaunchScreen.storyboard in Resources */ = {isa = PBXBuildFile; fileRef = 5018133F1C6F38AB00492270 /* LaunchScreen.storyboard */; };
		501813491C6F576600492270 /* TimerViewController.swift in Sources */ = {isa = PBXBuildFile; fileRef = 501813481C6F576600492270 /* TimerViewController.swift */; };
/* End PBXBuildFile section */

/* Begin PBXFileReference section */
		501813331C6F38AA00492270 /* Workout Timer.app */ = {isa = PBXFileReference; explicitFileType = wrapper.application; includeInIndex = 0; path = "Workout Timer.app"; sourceTree = BUILT_PRODUCTS_DIR; };
		501813361C6F38AB00492270 /* AppDelegate.swift */ = {isa = PBXFileReference; lastKnownFileType = sourcecode.swift; path = AppDelegate.swift; sourceTree = "<group>"; };
		501813381C6F38AB00492270 /* ControlViewController.swift */ = {isa = PBXFileReference; lastKnownFileType = sourcecode.swift; path = ControlViewController.swift; sourceTree = "<group>"; };
		5018133B1C6F38AB00492270 /* Base */ = {isa = PBXFileReference; lastKnownFileType = file.storyboard; name = Base; path = Base.lproj/Main.storyboard; sourceTree = "<group>"; };
		5018133D1C6F38AB00492270 /* Assets.xcassets */ = {isa = PBXFileReference; lastKnownFileType = folder.assetcatalog; path = Assets.xcassets; sourceTree = "<group>"; };
		501813401C6F38AB00492270 /* Base */ = {isa = PBXFileReference; lastKnownFileType = file.storyboard; name = Base; path = Base.lproj/LaunchScreen.storyboard; sourceTree = "<group>"; };
		501813421C6F38AB00492270 /* Info.plist */ = {isa = PBXFileReference; lastKnownFileType = text.plist.xml; path = Info.plist; sourceTree = "<group>"; };
		501813481C6F576600492270 /* TimerViewController.swift */ = {isa = PBXFileReference; fileEncoding = 4; lastKnownFileType = sourcecode.swift; path = TimerViewController.swift; sourceTree = "<group>"; };
/* End PBXFileReference section */

/* Begin PBXFrameworksBuildPhase section */
		501813301C6F38AA00492270 /* Frameworks */ = {
			isa = PBXFrameworksBuildPhase;
			buildActionMask = 2147483647;
			files = (
			);
			runOnlyForDeploymentPostprocessing = 0;
		};
/* End PBXFrameworksBuildPhase section */

/* Begin PBXGroup section */
		5018132A1C6F38AA00492270 = {
			isa = PBXGroup;
			children = (
				501813351C6F38AA00492270 /* Workout Timer */,
				501813341C6F38AA00492270 /* Products */,
			);
			sourceTree = "<group>";
		};
		501813341C6F38AA00492270 /* Products */ = {
			isa = PBXGroup;
			children = (
				501813331C6F38AA00492270 /* Workout Timer.app */,
			);
			name = Products;
			sourceTree = "<group>";
		};
		501813351C6F38AA00492270 /* Workout Timer */ = {
			isa = PBXGroup;
			children = (
				501813361C6F38AB00492270 /* AppDelegate.swift */,
				501813381C6F38AB00492270 /* ControlViewController.swift */,
				501813481C6F576600492270 /* TimerViewController.swift */,
				5018133A1C6F38AB00492270 /* Main.storyboard */,
				5018133D1C6F38AB00492270 /* Assets.xcassets */,
				5018133F1C6F38AB00492270 /* LaunchScreen.storyboard */,
				501813421C6F38AB00492270 /* Info.plist */,
			);
			path = "Workout Timer";
			sourceTree = "<group>";
		};
/* End PBXGroup section */

/* Begin PBXNativeTarget section */
		501813321C6F38AA00492270 /* Workout Timer */ = {
			isa = PBXNativeTarget;
			buildConfigurationList = 501813451C6F38AB00492270 /* Build configuration list for PBXNativeTarget "Workout Timer" */;
			buildPhases = (
				5018132F1C6F38AA00492270 /* Sources */,
				501813301C6F38AA00492270 /* Frameworks */,
				501813311C6F38AA00492270 /* Resources */,
			);
			buildRules = (
			);
			dependencies = (
			);
			name = "Workout Timer";
			productName = "Workout Timer";
			productReference = 501813331C6F38AA00492270 /* Workout Timer.app */;
			productType = "com.apple.product-type.application";
		};
/* End PBXNativeTarget section */

/* Begin PBXProject section */
		5018132B1C6F38AA00492270 /* Project object */ = {
			isa = PBXProject;
			attributes = {
				LastSwiftUpdateCheck = 0720;
				LastUpgradeCheck = 0720;
				ORGANIZATIONNAME = "Max Bothe";
				TargetAttributes = {
					501813321C6F38AA00492270 = {
						CreatedOnToolsVersion = 7.2.1;
						DevelopmentTeam = 3YVY2RHHVQ;
					};
				};
			};
			buildConfigurationList = 5018132E1C6F38AA00492270 /* Build configuration list for PBXProject "Workout Timer" */;
			compatibilityVersion = "Xcode 3.2";
			developmentRegion = English;
			hasScannedForEncodings = 0;
			knownRegions = (
				en,
				Base,
			);
			mainGroup = 5018132A1C6F38AA00492270;
			productRefGroup = 501813341C6F38AA00492270 /* Products */;
			projectDirPath = "";
			projectRoot = "";
			targets = (
				501813321C6F38AA00492270 /* Workout Timer */,
			);
		};
/* End PBXProject section */

/* Begin PBXResourcesBuildPhase section */
		501813311C6F38AA00492270 /* Resources */ = {
			isa = PBXResourcesBuildPhase;
			buildActionMask = 2147483647;
			files = (
				501813411C6F38AB00492270 /* LaunchScreen.storyboard in Resources */,
				5018133E1C6F38AB00492270 /* Assets.xcassets in Resources */,
				5018133C1C6F38AB00492270 /* Main.storyboard in Resources */,
			);
			runOnlyForDeploymentPostprocessing = 0;
		};
/* End PBXResourcesBuildPhase section */

/* Begin PBXSourcesBuildPhase section */
		5018132F1C6F38AA00492270 /* Sources */ = {
			isa = PBXSourcesBuildPhase;
			buildActionMask = 2147483647;
			files = (
				501813391C6F38AB00492270 /* ControlViewController.swift in Sources */,
				501813491C6F576600492270 /* TimerViewController.swift in Sources */,
				501813371C6F38AB00492270 /* AppDelegate.swift in Sources */,
			);
			runOnlyForDeploymentPostprocessing = 0;
		};
/* End PBXSourcesBuildPhase section */

/* Begin PBXVariantGroup section */
		5018133A1C6F38AB00492270 /* Main.storyboard */ = {
			isa = PBXVariantGroup;
			children = (
				5018133B1C6F38AB00492270 /* Base */,
			);
			name = Main.storyboard;
			sourceTree = "<group>";
		};
		5018133F1C6F38AB00492270 /* LaunchScreen.storyboard */ = {
			isa = PBXVariantGroup;
			children = (
				501813401C6F38AB00492270 /* Base */,
			);
			name = LaunchScreen.storyboard;
			sourceTree = "<group>";
		};
/* End PBXVariantGroup section */

/* Begin XCBuildConfiguration section */
		501813431C6F38AB00492270 /* Debug */ = {
			isa = XCBuildConfiguration;
			buildSettings = {
				ALWAYS_SEARCH_USER_PATHS = NO;
				CLANG_CXX_LANGUAGE_STANDARD = "gnu++0x";
				CLANG_CXX_LIBRARY = "libc++";
				CLANG_ENABLE_MODULES = YES;
				CLANG_ENABLE_OBJC_ARC = YES;
				CLANG_WARN_BOOL_CONVERSION = YES;
				CLANG_WARN_CONSTANT_CONVERSION = YES;
				CLANG_WARN_DIRECT_OBJC_ISA_USAGE = YES_ERROR;
				CLANG_WARN_EMPTY_BODY = YES;
				CLANG_WARN_ENUM_CONVERSION = YES;
				CLANG_WARN_INT_CONVERSION = YES;
				CLANG_WARN_OBJC_ROOT_CLASS = YES_ERROR;
				CLANG_WARN_UNREACHABLE_CODE = YES;
				CLANG_WARN__DUPLICATE_METHOD_MATCH = YES;
				"CODE_SIGN_IDENTITY[sdk=iphoneos*]" = "iPhone Developer";
				COPY_PHASE_STRIP = NO;
				DEBUG_INFORMATION_FORMAT = dwarf;
				ENABLE_STRICT_OBJC_MSGSEND = YES;
				ENABLE_TESTABILITY = YES;
				GCC_C_LANGUAGE_STANDARD = gnu99;
				GCC_DYNAMIC_NO_PIC = NO;
				GCC_NO_COMMON_BLOCKS = YES;
				GCC_OPTIMIZATION_LEVEL = 0;
				GCC_PREPROCESSOR_DEFINITIONS = (
					"DEBUG=1",
					"$(inherited)",
				);
				GCC_WARN_64_TO_32_BIT_CONVERSION = YES;
				GCC_WARN_ABOUT_RETURN_TYPE = YES_ERROR;
				GCC_WARN_UNDECLARED_SELECTOR = YES;
				GCC_WARN_UNINITIALIZED_AUTOS = YES_AGGRESSIVE;
				GCC_WARN_UNUSED_FUNCTION = YES;
				GCC_WARN_UNUSED_VARIABLE = YES;
				IPHONEOS_DEPLOYMENT_TARGET = 9.2;
				MTL_ENABLE_DEBUG_INFO = YES;
				ONLY_ACTIVE_ARCH = YES;
				SDKROOT = iphoneos;
				SWIFT_OPTIMIZATION_LEVEL = "-Onone";
				TARGETED_DEVICE_FAMILY = "1,2";
			};
			name = Debug;
		};
		501813441C6F38AB00492270 /* Release */ = {
			isa = XCBuildConfiguration;
			buildSettings = {
				ALWAYS_SEARCH_USER_PATHS = NO;
				CLANG_CXX_LANGUAGE_STANDARD = "gnu++0x";
				CLANG_CXX_LIBRARY = "libc++";
				CLANG_ENABLE_MODULES = YES;
				CLANG_ENABLE_OBJC_ARC = YES;
				CLANG_WARN_BOOL_CONVERSION = YES;
				CLANG_WARN_CONSTANT_CONVERSION = YES;
				CLANG_WARN_DIRECT_OBJC_ISA_USAGE = YES_ERROR;
				CLANG_WARN_EMPTY_BODY = YES;
				CLANG_WARN_ENUM_CONVERSION = YES;
				CLANG_WARN_INT_CONVERSION = YES;
				CLANG_WARN_OBJC_ROOT_CLASS = YES_ERROR;
				CLANG_WARN_UNREACHABLE_CODE = YES;
				CLANG_WARN__DUPLICATE_METHOD_MATCH = YES;
				"CODE_SIGN_IDENTITY[sdk=iphoneos*]" = "iPhone Developer";
				COPY_PHASE_STRIP = NO;
				DEBUG_INFORMATION_FORMAT = "dwarf-with-dsym";
				ENABLE_NS_ASSERTIONS = NO;
				ENABLE_STRICT_OBJC_MSGSEND = YES;
				GCC_C_LANGUAGE_STANDARD = gnu99;
				GCC_NO_COMMON_BLOCKS = YES;
				GCC_WARN_64_TO_32_BIT_CONVERSION = YES;
				GCC_WARN_ABOUT_RETURN_TYPE = YES_ERROR;
				GCC_WARN_UNDECLARED_SELECTOR = YES;
				GCC_WARN_UNINITIALIZED_AUTOS = YES_AGGRESSIVE;
				GCC_WARN_UNUSED_FUNCTION = YES;
				GCC_WARN_UNUSED_VARIABLE = YES;
				IPHONEOS_DEPLOYMENT_TARGET = 9.2;
				MTL_ENABLE_DEBUG_INFO = NO;
				SDKROOT = iphoneos;
				TARGETED_DEVICE_FAMILY = "1,2";
				VALIDATE_PRODUCT = YES;
			};
			name = Release;
		};
		501813461C6F38AB00492270 /* Debug */ = {
			isa = XCBuildConfiguration;
			buildSettings = {
				ASSETCATALOG_COMPILER_APPICON_NAME = AppIcon;
				CODE_SIGN_IDENTITY = "iPhone Developer";
				INFOPLIST_FILE = "Workout Timer/Info.plist";
				LD_RUNPATH_SEARCH_PATHS = "$(inherited) @executable_path/Frameworks";
				PRODUCT_BUNDLE_IDENTIFIER = "de.maxbothe.Workout-Timer";
				PRODUCT_NAME = "$(TARGET_NAME)";
			};
			name = Debug;
		};
		501813471C6F38AB00492270 /* Release */ = {
			isa = XCBuildConfiguration;
			buildSettings = {
				ASSETCATALOG_COMPILER_APPICON_NAME = AppIcon;
				CODE_SIGN_IDENTITY = "iPhone Developer";
				INFOPLIST_FILE = "Workout Timer/Info.plist";
				LD_RUNPATH_SEARCH_PATHS = "$(inherited) @executable_path/Frameworks";
				PRODUCT_BUNDLE_IDENTIFIER = "de.maxbothe.Workout-Timer";
				PRODUCT_NAME = "$(TARGET_NAME)";
			};
			name = Release;
		};
/* End XCBuildConfiguration section */

/* Begin XCConfigurationList section */
		5018132E1C6F38AA00492270 /* Build configuration list for PBXProject "Workout Timer" */ = {
			isa = XCConfigurationList;
			buildConfigurations = (
				501813431C6F38AB00492270 /* Debug */,
				501813441C6F38AB00492270 /* Release */,
			);
			defaultConfigurationIsVisible = 0;
			defaultConfigurationName = Release;
		};
		501813451C6F38AB00492270 /* Build configuration list for PBXNativeTarget "Workout Timer" */ = {
			isa = XCConfigurationList;
			buildConfigurations = (
				501813461C6F38AB00492270 /* Debug */,
				501813471C6F38AB00492270 /* Release */,
			);
			defaultConfigurationIsVisible = 0;
		};
/* End XCConfigurationList section */
	};
	rootObject = 5018132B1C6F38AA00492270 /* Project object */;
}
